// !$*UTF8*$!
{
	archiveVersion = 1;
	classes = {
	};
	objectVersion = 46;
	objects = {

/* Begin PBXBuildFile section */
		9BE91A711B9EB4EF0011DCD3 /* AppDelegate.swift in Sources */ = {isa = PBXBuildFile; fileRef = 9BE91A701B9EB4EF0011DCD3 /* AppDelegate.swift */; };
		9BE91A731B9EB4EF0011DCD3 /* ViewController.swift in Sources */ = {isa = PBXBuildFile; fileRef = 9BE91A721B9EB4EF0011DCD3 /* ViewController.swift */; };
		9BE91A761B9EB4EF0011DCD3 /* Main.storyboard in Resources */ = {isa = PBXBuildFile; fileRef = 9BE91A741B9EB4EF0011DCD3 /* Main.storyboard */; };
		9BE91A781B9EB4EF0011DCD3 /* Images.xcassets in Resources */ = {isa = PBXBuildFile; fileRef = 9BE91A771B9EB4EF0011DCD3 /* Images.xcassets */; };
		9BE91A7B1B9EB4EF0011DCD3 /* LaunchScreen.xib in Resources */ = {isa = PBXBuildFile; fileRef = 9BE91A791B9EB4EF0011DCD3 /* LaunchScreen.xib */; };
		9BE91A871B9EB4EF0011DCD3 /* AlipayDemoTests.swift in Sources */ = {isa = PBXBuildFile; fileRef = 9BE91A861B9EB4EF0011DCD3 /* AlipayDemoTests.swift */; };
		9BE91AF71B9EB7020011DCD3 /* AlipaySDK.bundle in Resources */ = {isa = PBXBuildFile; fileRef = 9BE91A911B9EB7010011DCD3 /* AlipaySDK.bundle */; };
		9BE91AF81B9EB7020011DCD3 /* AlipaySDK.framework in Frameworks */ = {isa = PBXBuildFile; fileRef = 9BE91A921B9EB7010011DCD3 /* AlipaySDK.framework */; };
		9BE91AF91B9EB7020011DCD3 /* APAuthV2Info.m in Sources */ = {isa = PBXBuildFile; fileRef = 9BE91A941B9EB7010011DCD3 /* APAuthV2Info.m */; };
		9BE91AFA1B9EB7020011DCD3 /* libcrypto.a in Frameworks */ = {isa = PBXBuildFile; fileRef = 9BE91A951B9EB7010011DCD3 /* libcrypto.a */; };
		9BE91AFB1B9EB7020011DCD3 /* libssl.a in Frameworks */ = {isa = PBXBuildFile; fileRef = 9BE91A961B9EB7010011DCD3 /* libssl.a */; };
		9BE91AFC1B9EB7020011DCD3 /* Order.m in Sources */ = {isa = PBXBuildFile; fileRef = 9BE91AE41B9EB7020011DCD3 /* Order.m */; };
		9BE91AFD1B9EB7020011DCD3 /* base64.m in Sources */ = {isa = PBXBuildFile; fileRef = 9BE91AE71B9EB7020011DCD3 /* base64.m */; };
		9BE91AFE1B9EB7020011DCD3 /* DataSigner.m in Sources */ = {isa = PBXBuildFile; fileRef = 9BE91AEA1B9EB7020011DCD3 /* DataSigner.m */; };
		9BE91AFF1B9EB7020011DCD3 /* DataVerifier.m in Sources */ = {isa = PBXBuildFile; fileRef = 9BE91AEC1B9EB7020011DCD3 /* DataVerifier.m */; };
		9BE91B001B9EB7020011DCD3 /* MD5DataSigner.m in Sources */ = {isa = PBXBuildFile; fileRef = 9BE91AEE1B9EB7020011DCD3 /* MD5DataSigner.m */; };
		9BE91B011B9EB7020011DCD3 /* NSDataEx.m in Sources */ = {isa = PBXBuildFile; fileRef = 9BE91AF01B9EB7020011DCD3 /* NSDataEx.m */; };
		9BE91B021B9EB7020011DCD3 /* openssl_wrapper.m in Sources */ = {isa = PBXBuildFile; fileRef = 9BE91AF21B9EB7020011DCD3 /* openssl_wrapper.m */; };
		9BE91B031B9EB7020011DCD3 /* RSADataSigner.m in Sources */ = {isa = PBXBuildFile; fileRef = 9BE91AF41B9EB7020011DCD3 /* RSADataSigner.m */; };
		9BE91B041B9EB7020011DCD3 /* RSADataVerifier.m in Sources */ = {isa = PBXBuildFile; fileRef = 9BE91AF61B9EB7020011DCD3 /* RSADataVerifier.m */; };
/* End PBXBuildFile section */

/* Begin PBXContainerItemProxy section */
		9BE91A811B9EB4EF0011DCD3 /* PBXContainerItemProxy */ = {
			isa = PBXContainerItemProxy;
			containerPortal = 9BE91A631B9EB4EF0011DCD3 /* Project object */;
			proxyType = 1;
			remoteGlobalIDString = 9BE91A6A1B9EB4EF0011DCD3;
			remoteInfo = AlipayDemo;
		};
/* End PBXContainerItemProxy section */

/* Begin PBXFileReference section */
		9BE91A6B1B9EB4EF0011DCD3 /* AlipayDemo.app */ = {isa = PBXFileReference; explicitFileType = wrapper.application; includeInIndex = 0; path = AlipayDemo.app; sourceTree = BUILT_PRODUCTS_DIR; };
		9BE91A6F1B9EB4EF0011DCD3 /* Info.plist */ = {isa = PBXFileReference; lastKnownFileType = text.plist.xml; path = Info.plist; sourceTree = "<group>"; };
		9BE91A701B9EB4EF0011DCD3 /* AppDelegate.swift */ = {isa = PBXFileReference; lastKnownFileType = sourcecode.swift; path = AppDelegate.swift; sourceTree = "<group>"; };
		9BE91A721B9EB4EF0011DCD3 /* ViewController.swift */ = {isa = PBXFileReference; lastKnownFileType = sourcecode.swift; path = ViewController.swift; sourceTree = "<group>"; };
		9BE91A751B9EB4EF0011DCD3 /* Base */ = {isa = PBXFileReference; lastKnownFileType = file.storyboard; name = Base; path = Base.lproj/Main.storyboard; sourceTree = "<group>"; };
		9BE91A771B9EB4EF0011DCD3 /* Images.xcassets */ = {isa = PBXFileReference; lastKnownFileType = folder.assetcatalog; path = Images.xcassets; sourceTree = "<group>"; };
		9BE91A7A1B9EB4EF0011DCD3 /* Base */ = {isa = PBXFileReference; lastKnownFileType = file.xib; name = Base; path = Base.lproj/LaunchScreen.xib; sourceTree = "<group>"; };
		9BE91A801B9EB4EF0011DCD3 /* AlipayDemoTests.xctest */ = {isa = PBXFileReference; explicitFileType = wrapper.cfbundle; includeInIndex = 0; path = AlipayDemoTests.xctest; sourceTree = BUILT_PRODUCTS_DIR; };
		9BE91A851B9EB4EF0011DCD3 /* Info.plist */ = {isa = PBXFileReference; lastKnownFileType = text.plist.xml; path = Info.plist; sourceTree = "<group>"; };
		9BE91A861B9EB4EF0011DCD3 /* AlipayDemoTests.swift */ = {isa = PBXFileReference; lastKnownFileType = sourcecode.swift; path = AlipayDemoTests.swift; sourceTree = "<group>"; };
		9BE91A911B9EB7010011DCD3 /* AlipaySDK.bundle */ = {isa = PBXFileReference; lastKnownFileType = "wrapper.plug-in"; path = AlipaySDK.bundle; sourceTree = "<group>"; };
		9BE91A921B9EB7010011DCD3 /* AlipaySDK.framework */ = {isa = PBXFileReference; lastKnownFileType = wrapper.framework; path = AlipaySDK.framework; sourceTree = "<group>"; };
		9BE91A931B9EB7010011DCD3 /* APAuthV2Info.h */ = {isa = PBXFileReference; fileEncoding = 4; lastKnownFileType = sourcecode.c.h; path = APAuthV2Info.h; sourceTree = "<group>"; };
		9BE91A941B9EB7010011DCD3 /* APAuthV2Info.m */ = {isa = PBXFileReference; fileEncoding = 4; lastKnownFileType = sourcecode.c.objc; path = APAuthV2Info.m; sourceTree = "<group>"; };
		9BE91A951B9EB7010011DCD3 /* libcrypto.a */ = {isa = PBXFileReference; lastKnownFileType = archive.ar; path = libcrypto.a; sourceTree = "<group>"; };
		9BE91A961B9EB7010011DCD3 /* libssl.a */ = {isa = PBXFileReference; lastKnownFileType = archive.ar; path = libssl.a; sourceTree = "<group>"; };
		9BE91A981B9EB7010011DCD3 /* aes.h */ = {isa = PBXFileReference; fileEncoding = 4; lastKnownFileType = sourcecode.c.h; path = aes.h; sourceTree = "<group>"; };
		9BE91A991B9EB7010011DCD3 /* asn1.h */ = {isa = PBXFileReference; fileEncoding = 4; lastKnownFileType = sourcecode.c.h; path = asn1.h; sourceTree = "<group>"; };
		9BE91A9A1B9EB7010011DCD3 /* asn1_mac.h */ = {isa = PBXFileReference; fileEncoding = 4; lastKnownFileType = sourcecode.c.h; path = asn1_mac.h; sourceTree = "<group>"; };
		9BE91A9B1B9EB7010011DCD3 /* asn1t.h */ = {isa = PBXFileReference; fileEncoding = 4; lastKnownFileType = sourcecode.c.h; path = asn1t.h; sourceTree = "<group>"; };
		9BE91A9C1B9EB7010011DCD3 /* bio.h */ = {isa = PBXFileReference; fileEncoding = 4; lastKnownFileType = sourcecode.c.h; path = bio.h; sourceTree = "<group>"; };
		9BE91A9D1B9EB7010011DCD3 /* blowfish.h */ = {isa = PBXFileReference; fileEncoding = 4; lastKnownFileType = sourcecode.c.h; path = blowfish.h; sourceTree = "<group>"; };
		9BE91A9E1B9EB7010011DCD3 /* bn.h */ = {isa = PBXFileReference; fileEncoding = 4; lastKnownFileType = sourcecode.c.h; path = bn.h; sourceTree = "<group>"; };
		9BE91A9F1B9EB7010011DCD3 /* buffer.h */ = {isa = PBXFileReference; fileEncoding = 4; lastKnownFileType = sourcecode.c.h; path = buffer.h; sourceTree = "<group>"; };
		9BE91AA01B9EB7010011DCD3 /* camellia.h */ = {isa = PBXFileReference; fileEncoding = 4; lastKnownFileType = sourcecode.c.h; path = camellia.h; sourceTree = "<group>"; };
		9BE91AA11B9EB7010011DCD3 /* cast.h */ = {isa = PBXFileReference; fileEncoding = 4; lastKnownFileType = sourcecode.c.h; path = cast.h; sourceTree = "<group>"; };
		9BE91AA21B9EB7010011DCD3 /* cmac.h */ = {isa = PBXFileReference; fileEncoding = 4; lastKnownFileType = sourcecode.c.h; path = cmac.h; sourceTree = "<group>"; };
		9BE91AA31B9EB7010011DCD3 /* cms.h */ = {isa = PBXFileReference; fileEncoding = 4; lastKnownFileType = sourcecode.c.h; path = cms.h; sourceTree = "<group>"; };
		9BE91AA41B9EB7010011DCD3 /* comp.h */ = {isa = PBXFileReference; fileEncoding = 4; lastKnownFileType = sourcecode.c.h; path = comp.h; sourceTree = "<group>"; };
		9BE91AA51B9EB7010011DCD3 /* conf.h */ = {isa = PBXFileReference; fileEncoding = 4; lastKnownFileType = sourcecode.c.h; path = conf.h; sourceTree = "<group>"; };
		9BE91AA61B9EB7010011DCD3 /* conf_api.h */ = {isa = PBXFileReference; fileEncoding = 4; lastKnownFileType = sourcecode.c.h; path = conf_api.h; sourceTree = "<group>"; };
		9BE91AA71B9EB7010011DCD3 /* crypto.h */ = {isa = PBXFileReference; fileEncoding = 4; lastKnownFileType = sourcecode.c.h; path = crypto.h; sourceTree = "<group>"; };
		9BE91AA81B9EB7010011DCD3 /* des.h */ = {isa = PBXFileReference; fileEncoding = 4; lastKnownFileType = sourcecode.c.h; path = des.h; sourceTree = "<group>"; };
		9BE91AA91B9EB7010011DCD3 /* des_old.h */ = {isa = PBXFileReference; fileEncoding = 4; lastKnownFileType = sourcecode.c.h; path = des_old.h; sourceTree = "<group>"; };
		9BE91AAA1B9EB7010011DCD3 /* dh.h */ = {isa = PBXFileReference; fileEncoding = 4; lastKnownFileType = sourcecode.c.h; path = dh.h; sourceTree = "<group>"; };
		9BE91AAB1B9EB7010011DCD3 /* dsa.h */ = {isa = PBXFileReference; fileEncoding = 4; lastKnownFileType = sourcecode.c.h; path = dsa.h; sourceTree = "<group>"; };
		9BE91AAC1B9EB7010011DCD3 /* dso.h */ = {isa = PBXFileReference; fileEncoding = 4; lastKnownFileType = sourcecode.c.h; path = dso.h; sourceTree = "<group>"; };
		9BE91AAD1B9EB7010011DCD3 /* dtls1.h */ = {isa = PBXFileReference; fileEncoding = 4; lastKnownFileType = sourcecode.c.h; path = dtls1.h; sourceTree = "<group>"; };
		9BE91AAE1B9EB7010011DCD3 /* e_os2.h */ = {isa = PBXFileReference; fileEncoding = 4; lastKnownFileType = sourcecode.c.h; path = e_os2.h; sourceTree = "<group>"; };
		9BE91AAF1B9EB7010011DCD3 /* ebcdic.h */ = {isa = PBXFileReference; fileEncoding = 4; lastKnownFileType = sourcecode.c.h; path = ebcdic.h; sourceTree = "<group>"; };
		9BE91AB01B9EB7010011DCD3 /* ec.h */ = {isa = PBXFileReference; fileEncoding = 4; lastKnownFileType = sourcecode.c.h; path = ec.h; sourceTree = "<group>"; };
		9BE91AB11B9EB7010011DCD3 /* ecdh.h */ = {isa = PBXFileReference; fileEncoding = 4; lastKnownFileType = sourcecode.c.h; path = ecdh.h; sourceTree = "<group>"; };
		9BE91AB21B9EB7010011DCD3 /* ecdsa.h */ = {isa = PBXFileReference; fileEncoding = 4; lastKnownFileType = sourcecode.c.h; path = ecdsa.h; sourceTree = "<group>"; };
		9BE91AB31B9EB7010011DCD3 /* engine.h */ = {isa = PBXFileReference; fileEncoding = 4; lastKnownFileType = sourcecode.c.h; path = engine.h; sourceTree = "<group>"; };
		9BE91AB41B9EB7010011DCD3 /* err.h */ = {isa = PBXFileReference; fileEncoding = 4; lastKnownFileType = sourcecode.c.h; path = err.h; sourceTree = "<group>"; };
		9BE91AB51B9EB7010011DCD3 /* evp.h */ = {isa = PBXFileReference; fileEncoding = 4; lastKnownFileType = sourcecode.c.h; path = evp.h; sourceTree = "<group>"; };
		9BE91AB61B9EB7010011DCD3 /* hmac.h */ = {isa = PBXFileReference; fileEncoding = 4; lastKnownFileType = sourcecode.c.h; path = hmac.h; sourceTree = "<group>"; };
		9BE91AB71B9EB7010011DCD3 /* idea.h */ = {isa = PBXFileReference; fileEncoding = 4; lastKnownFileType = sourcecode.c.h; path = idea.h; sourceTree = "<group>"; };
		9BE91AB81B9EB7010011DCD3 /* krb5_asn.h */ = {isa = PBXFileReference; fileEncoding = 4; lastKnownFileType = sourcecode.c.h; path = krb5_asn.h; sourceTree = "<group>"; };
		9BE91AB91B9EB7010011DCD3 /* kssl.h */ = {isa = PBXFileReference; fileEncoding = 4; lastKnownFileType = sourcecode.c.h; path = kssl.h; sourceTree = "<group>"; };
		9BE91ABA1B9EB7010011DCD3 /* lhash.h */ = {isa = PBXFileReference; fileEncoding = 4; lastKnownFileType = sourcecode.c.h; path = lhash.h; sourceTree = "<group>"; };
		9BE91ABB1B9EB7010011DCD3 /* md4.h */ = {isa = PBXFileReference; fileEncoding = 4; lastKnownFileType = sourcecode.c.h; path = md4.h; sourceTree = "<group>"; };
		9BE91ABC1B9EB7010011DCD3 /* md5.h */ = {isa = PBXFileReference; fileEncoding = 4; lastKnownFileType = sourcecode.c.h; path = md5.h; sourceTree = "<group>"; };
		9BE91ABD1B9EB7010011DCD3 /* mdc2.h */ = {isa = PBXFileReference; fileEncoding = 4; lastKnownFileType = sourcecode.c.h; path = mdc2.h; sourceTree = "<group>"; };
		9BE91ABE1B9EB7010011DCD3 /* modes.h */ = {isa = PBXFileReference; fileEncoding = 4; lastKnownFileType = sourcecode.c.h; path = modes.h; sourceTree = "<group>"; };
		9BE91ABF1B9EB7010011DCD3 /* obj_mac.h */ = {isa = PBXFileReference; fileEncoding = 4; lastKnownFileType = sourcecode.c.h; path = obj_mac.h; sourceTree = "<group>"; };
		9BE91AC01B9EB7010011DCD3 /* objects.h */ = {isa = PBXFileReference; fileEncoding = 4; lastKnownFileType = sourcecode.c.h; path = objects.h; sourceTree = "<group>"; };
		9BE91AC11B9EB7020011DCD3 /* ocsp.h */ = {isa = PBXFileReference; fileEncoding = 4; lastKnownFileType = sourcecode.c.h; path = ocsp.h; sourceTree = "<group>"; };
		9BE91AC21B9EB7020011DCD3 /* opensslconf.h */ = {isa = PBXFileReference; fileEncoding = 4; lastKnownFileType = sourcecode.c.h; path = opensslconf.h; sourceTree = "<group>"; };
		9BE91AC31B9EB7020011DCD3 /* opensslv.h */ = {isa = PBXFileReference; fileEncoding = 4; lastKnownFileType = sourcecode.c.h; path = opensslv.h; sourceTree = "<group>"; };
		9BE91AC41B9EB7020011DCD3 /* ossl_typ.h */ = {isa = PBXFileReference; fileEncoding = 4; lastKnownFileType = sourcecode.c.h; path = ossl_typ.h; sourceTree = "<group>"; };
		9BE91AC51B9EB7020011DCD3 /* pem.h */ = {isa = PBXFileReference; fileEncoding = 4; lastKnownFileType = sourcecode.c.h; path = pem.h; sourceTree = "<group>"; };
		9BE91AC61B9EB7020011DCD3 /* pem2.h */ = {isa = PBXFileReference; fileEncoding = 4; lastKnownFileType = sourcecode.c.h; path = pem2.h; sourceTree = "<group>"; };
		9BE91AC71B9EB7020011DCD3 /* pkcs12.h */ = {isa = PBXFileReference; fileEncoding = 4; lastKnownFileType = sourcecode.c.h; path = pkcs12.h; sourceTree = "<group>"; };
		9BE91AC81B9EB7020011DCD3 /* pkcs7.h */ = {isa = PBXFileReference; fileEncoding = 4; lastKnownFileType = sourcecode.c.h; path = pkcs7.h; sourceTree = "<group>"; };
		9BE91AC91B9EB7020011DCD3 /* pqueue.h */ = {isa = PBXFileReference; fileEncoding = 4; lastKnownFileType = sourcecode.c.h; path = pqueue.h; sourceTree = "<group>"; };
		9BE91ACA1B9EB7020011DCD3 /* rand.h */ = {isa = PBXFileReference; fileEncoding = 4; lastKnownFileType = sourcecode.c.h; path = rand.h; sourceTree = "<group>"; };
		9BE91ACB1B9EB7020011DCD3 /* rc2.h */ = {isa = PBXFileReference; fileEncoding = 4; lastKnownFileType = sourcecode.c.h; path = rc2.h; sourceTree = "<group>"; };
		9BE91ACC1B9EB7020011DCD3 /* rc4.h */ = {isa = PBXFileReference; fileEncoding = 4; lastKnownFileType = sourcecode.c.h; path = rc4.h; sourceTree = "<group>"; };
		9BE91ACD1B9EB7020011DCD3 /* ripemd.h */ = {isa = PBXFileReference; fileEncoding = 4; lastKnownFileType = sourcecode.c.h; path = ripemd.h; sourceTree = "<group>"; };
		9BE91ACE1B9EB7020011DCD3 /* rsa.h */ = {isa = PBXFileReference; fileEncoding = 4; lastKnownFileType = sourcecode.c.h; path = rsa.h; sourceTree = "<group>"; };
		9BE91ACF1B9EB7020011DCD3 /* safestack.h */ = {isa = PBXFileReference; fileEncoding = 4; lastKnownFileType = sourcecode.c.h; path = safestack.h; sourceTree = "<group>"; };
		9BE91AD01B9EB7020011DCD3 /* seed.h */ = {isa = PBXFileReference; fileEncoding = 4; lastKnownFileType = sourcecode.c.h; path = seed.h; sourceTree = "<group>"; };
		9BE91AD11B9EB7020011DCD3 /* sha.h */ = {isa = PBXFileReference; fileEncoding = 4; lastKnownFileType = sourcecode.c.h; path = sha.h; sourceTree = "<group>"; };
		9BE91AD21B9EB7020011DCD3 /* srp.h */ = {isa = PBXFileReference; fileEncoding = 4; lastKnownFileType = sourcecode.c.h; path = srp.h; sourceTree = "<group>"; };
		9BE91AD31B9EB7020011DCD3 /* srtp.h */ = {isa = PBXFileReference; fileEncoding = 4; lastKnownFileType = sourcecode.c.h; path = srtp.h; sourceTree = "<group>"; };
		9BE91AD41B9EB7020011DCD3 /* ssl.h */ = {isa = PBXFileReference; fileEncoding = 4; lastKnownFileType = sourcecode.c.h; path = ssl.h; sourceTree = "<group>"; };
		9BE91AD51B9EB7020011DCD3 /* ssl2.h */ = {isa = PBXFileReference; fileEncoding = 4; lastKnownFileType = sourcecode.c.h; path = ssl2.h; sourceTree = "<group>"; };
		9BE91AD61B9EB7020011DCD3 /* ssl23.h */ = {isa = PBXFileReference; fileEncoding = 4; lastKnownFileType = sourcecode.c.h; path = ssl23.h; sourceTree = "<group>"; };
		9BE91AD71B9EB7020011DCD3 /* ssl3.h */ = {isa = PBXFileReference; fileEncoding = 4; lastKnownFileType = sourcecode.c.h; path = ssl3.h; sourceTree = "<group>"; };
		9BE91AD81B9EB7020011DCD3 /* stack.h */ = {isa = PBXFileReference; fileEncoding = 4; lastKnownFileType = sourcecode.c.h; path = stack.h; sourceTree = "<group>"; };
		9BE91AD91B9EB7020011DCD3 /* symhacks.h */ = {isa = PBXFileReference; fileEncoding = 4; lastKnownFileType = sourcecode.c.h; path = symhacks.h; sourceTree = "<group>"; };
		9BE91ADA1B9EB7020011DCD3 /* tls1.h */ = {isa = PBXFileReference; fileEncoding = 4; lastKnownFileType = sourcecode.c.h; path = tls1.h; sourceTree = "<group>"; };
		9BE91ADB1B9EB7020011DCD3 /* ts.h */ = {isa = PBXFileReference; fileEncoding = 4; lastKnownFileType = sourcecode.c.h; path = ts.h; sourceTree = "<group>"; };
		9BE91ADC1B9EB7020011DCD3 /* txt_db.h */ = {isa = PBXFileReference; fileEncoding = 4; lastKnownFileType = sourcecode.c.h; path = txt_db.h; sourceTree = "<group>"; };
		9BE91ADD1B9EB7020011DCD3 /* ui.h */ = {isa = PBXFileReference; fileEncoding = 4; lastKnownFileType = sourcecode.c.h; path = ui.h; sourceTree = "<group>"; };
		9BE91ADE1B9EB7020011DCD3 /* ui_compat.h */ = {isa = PBXFileReference; fileEncoding = 4; lastKnownFileType = sourcecode.c.h; path = ui_compat.h; sourceTree = "<group>"; };
		9BE91ADF1B9EB7020011DCD3 /* whrlpool.h */ = {isa = PBXFileReference; fileEncoding = 4; lastKnownFileType = sourcecode.c.h; path = whrlpool.h; sourceTree = "<group>"; };
		9BE91AE01B9EB7020011DCD3 /* x509.h */ = {isa = PBXFileReference; fileEncoding = 4; lastKnownFileType = sourcecode.c.h; path = x509.h; sourceTree = "<group>"; };
		9BE91AE11B9EB7020011DCD3 /* x509_vfy.h */ = {isa = PBXFileReference; fileEncoding = 4; lastKnownFileType = sourcecode.c.h; path = x509_vfy.h; sourceTree = "<group>"; };
		9BE91AE21B9EB7020011DCD3 /* x509v3.h */ = {isa = PBXFileReference; fileEncoding = 4; lastKnownFileType = sourcecode.c.h; path = x509v3.h; sourceTree = "<group>"; };
		9BE91AE31B9EB7020011DCD3 /* Order.h */ = {isa = PBXFileReference; fileEncoding = 4; lastKnownFileType = sourcecode.c.h; path = Order.h; sourceTree = "<group>"; };
		9BE91AE41B9EB7020011DCD3 /* Order.m */ = {isa = PBXFileReference; fileEncoding = 4; lastKnownFileType = sourcecode.c.objc; path = Order.m; sourceTree = "<group>"; };
		9BE91AE61B9EB7020011DCD3 /* base64.h */ = {isa = PBXFileReference; fileEncoding = 4; lastKnownFileType = sourcecode.c.h; path = base64.h; sourceTree = "<group>"; };
		9BE91AE71B9EB7020011DCD3 /* base64.m */ = {isa = PBXFileReference; fileEncoding = 4; lastKnownFileType = sourcecode.c.objc; path = base64.m; sourceTree = "<group>"; };
		9BE91AE81B9EB7020011DCD3 /* config.h */ = {isa = PBXFileReference; fileEncoding = 4; lastKnownFileType = sourcecode.c.h; path = config.h; sourceTree = "<group>"; };
		9BE91AE91B9EB7020011DCD3 /* DataSigner.h */ = {isa = PBXFileReference; fileEncoding = 4; lastKnownFileType = sourcecode.c.h; path = DataSigner.h; sourceTree = "<group>"; };
		9BE91AEA1B9EB7020011DCD3 /* DataSigner.m */ = {isa = PBXFileReference; fileEncoding = 4; lastKnownFileType = sourcecode.c.objc; path = DataSigner.m; sourceTree = "<group>"; };
		9BE91AEB1B9EB7020011DCD3 /* DataVerifier.h */ = {isa = PBXFileReference; fileEncoding = 4; lastKnownFileType = sourcecode.c.h; path = DataVerifier.h; sourceTree = "<group>"; };
		9BE91AEC1B9EB7020011DCD3 /* DataVerifier.m */ = {isa = PBXFileReference; fileEncoding = 4; lastKnownFileType = sourcecode.c.objc; path = DataVerifier.m; sourceTree = "<group>"; };
		9BE91AED1B9EB7020011DCD3 /* MD5DataSigner.h */ = {isa = PBXFileReference; fileEncoding = 4; lastKnownFileType = sourcecode.c.h; path = MD5DataSigner.h; sourceTree = "<group>"; };
		9BE91AEE1B9EB7020011DCD3 /* MD5DataSigner.m */ = {isa = PBXFileReference; fileEncoding = 4; lastKnownFileType = sourcecode.c.objc; path = MD5DataSigner.m; sourceTree = "<group>"; };
		9BE91AEF1B9EB7020011DCD3 /* NSDataEx.h */ = {isa = PBXFileReference; fileEncoding = 4; lastKnownFileType = sourcecode.c.h; path = NSDataEx.h; sourceTree = "<group>"; };
		9BE91AF01B9EB7020011DCD3 /* NSDataEx.m */ = {isa = PBXFileReference; fileEncoding = 4; lastKnownFileType = sourcecode.c.objc; path = NSDataEx.m; sourceTree = "<group>"; };
		9BE91AF11B9EB7020011DCD3 /* openssl_wrapper.h */ = {isa = PBXFileReference; fileEncoding = 4; lastKnownFileType = sourcecode.c.h; path = openssl_wrapper.h; sourceTree = "<group>"; };
		9BE91AF21B9EB7020011DCD3 /* openssl_wrapper.m */ = {isa = PBXFileReference; fileEncoding = 4; lastKnownFileType = sourcecode.c.objc; path = openssl_wrapper.m; sourceTree = "<group>"; };
		9BE91AF31B9EB7020011DCD3 /* RSADataSigner.h */ = {isa = PBXFileReference; fileEncoding = 4; lastKnownFileType = sourcecode.c.h; path = RSADataSigner.h; sourceTree = "<group>"; };
		9BE91AF41B9EB7020011DCD3 /* RSADataSigner.m */ = {isa = PBXFileReference; fileEncoding = 4; lastKnownFileType = sourcecode.c.objc; path = RSADataSigner.m; sourceTree = "<group>"; };
		9BE91AF51B9EB7020011DCD3 /* RSADataVerifier.h */ = {isa = PBXFileReference; fileEncoding = 4; lastKnownFileType = sourcecode.c.h; path = RSADataVerifier.h; sourceTree = "<group>"; };
		9BE91AF61B9EB7020011DCD3 /* RSADataVerifier.m */ = {isa = PBXFileReference; fileEncoding = 4; lastKnownFileType = sourcecode.c.objc; path = RSADataVerifier.m; sourceTree = "<group>"; };
/* End PBXFileReference section */

/* Begin PBXFrameworksBuildPhase section */
		9BE91A681B9EB4EF0011DCD3 /* Frameworks */ = {
			isa = PBXFrameworksBuildPhase;
			buildActionMask = 2147483647;
			files = (
				9BE91AFA1B9EB7020011DCD3 /* libcrypto.a in Frameworks */,
				9BE91AF81B9EB7020011DCD3 /* AlipaySDK.framework in Frameworks */,
				9BE91AFB1B9EB7020011DCD3 /* libssl.a in Frameworks */,
			);
			runOnlyForDeploymentPostprocessing = 0;
		};
		9BE91A7D1B9EB4EF0011DCD3 /* Frameworks */ = {
			isa = PBXFrameworksBuildPhase;
			buildActionMask = 2147483647;
			files = (
			);
			runOnlyForDeploymentPostprocessing = 0;
		};
/* End PBXFrameworksBuildPhase section */

/* Begin PBXGroup section */
		9BE91A621B9EB4EF0011DCD3 = {
			isa = PBXGroup;
			children = (
				9BE91A6D1B9EB4EF0011DCD3 /* AlipayDemo */,
				9BE91A831B9EB4EF0011DCD3 /* AlipayDemoTests */,
				9BE91A6C1B9EB4EF0011DCD3 /* Products */,
			);
			sourceTree = "<group>";
		};
		9BE91A6C1B9EB4EF0011DCD3 /* Products */ = {
			isa = PBXGroup;
			children = (
				9BE91A6B1B9EB4EF0011DCD3 /* AlipayDemo.app */,
				9BE91A801B9EB4EF0011DCD3 /* AlipayDemoTests.xctest */,
			);
			name = Products;
			sourceTree = "<group>";
		};
		9BE91A6D1B9EB4EF0011DCD3 /* AlipayDemo */ = {
			isa = PBXGroup;
			children = (
				9BE91A901B9EB7010011DCD3 /* AliSDK2_2_3 */,
				9BE91A701B9EB4EF0011DCD3 /* AppDelegate.swift */,
				9BE91A721B9EB4EF0011DCD3 /* ViewController.swift */,
				9BE91A741B9EB4EF0011DCD3 /* Main.storyboard */,
				9BE91A771B9EB4EF0011DCD3 /* Images.xcassets */,
				9BE91A791B9EB4EF0011DCD3 /* LaunchScreen.xib */,
				9BE91A6E1B9EB4EF0011DCD3 /* Supporting Files */,
			);
			path = AlipayDemo;
			sourceTree = "<group>";
		};
		9BE91A6E1B9EB4EF0011DCD3 /* Supporting Files */ = {
			isa = PBXGroup;
			children = (
				9BE91A6F1B9EB4EF0011DCD3 /* Info.plist */,
			);
			name = "Supporting Files";
			sourceTree = "<group>";
		};
		9BE91A831B9EB4EF0011DCD3 /* AlipayDemoTests */ = {
			isa = PBXGroup;
			children = (
				9BE91A861B9EB4EF0011DCD3 /* AlipayDemoTests.swift */,
				9BE91A841B9EB4EF0011DCD3 /* Supporting Files */,
			);
			path = AlipayDemoTests;
			sourceTree = "<group>";
		};
		9BE91A841B9EB4EF0011DCD3 /* Supporting Files */ = {
			isa = PBXGroup;
			children = (
				9BE91A851B9EB4EF0011DCD3 /* Info.plist */,
			);
			name = "Supporting Files";
			sourceTree = "<group>";
		};
		9BE91A901B9EB7010011DCD3 /* AliSDK2_2_3 */ = {
			isa = PBXGroup;
			children = (
				9BE91A911B9EB7010011DCD3 /* AlipaySDK.bundle */,
				9BE91A921B9EB7010011DCD3 /* AlipaySDK.framework */,
				9BE91A931B9EB7010011DCD3 /* APAuthV2Info.h */,
				9BE91A941B9EB7010011DCD3 /* APAuthV2Info.m */,
				9BE91A951B9EB7010011DCD3 /* libcrypto.a */,
				9BE91A961B9EB7010011DCD3 /* libssl.a */,
				9BE91A971B9EB7010011DCD3 /* openssl */,
				9BE91AE31B9EB7020011DCD3 /* Order.h */,
				9BE91AE41B9EB7020011DCD3 /* Order.m */,
				9BE91AE51B9EB7020011DCD3 /* Util */,
			);
			path = AliSDK2_2_3;
			sourceTree = "<group>";
		};
		9BE91A971B9EB7010011DCD3 /* openssl */ = {
			isa = PBXGroup;
			children = (
				9BE91A981B9EB7010011DCD3 /* aes.h */,
				9BE91A991B9EB7010011DCD3 /* asn1.h */,
				9BE91A9A1B9EB7010011DCD3 /* asn1_mac.h */,
				9BE91A9B1B9EB7010011DCD3 /* asn1t.h */,
				9BE91A9C1B9EB7010011DCD3 /* bio.h */,
				9BE91A9D1B9EB7010011DCD3 /* blowfish.h */,
				9BE91A9E1B9EB7010011DCD3 /* bn.h */,
				9BE91A9F1B9EB7010011DCD3 /* buffer.h */,
				9BE91AA01B9EB7010011DCD3 /* camellia.h */,
				9BE91AA11B9EB7010011DCD3 /* cast.h */,
				9BE91AA21B9EB7010011DCD3 /* cmac.h */,
				9BE91AA31B9EB7010011DCD3 /* cms.h */,
				9BE91AA41B9EB7010011DCD3 /* comp.h */,
				9BE91AA51B9EB7010011DCD3 /* conf.h */,
				9BE91AA61B9EB7010011DCD3 /* conf_api.h */,
				9BE91AA71B9EB7010011DCD3 /* crypto.h */,
				9BE91AA81B9EB7010011DCD3 /* des.h */,
				9BE91AA91B9EB7010011DCD3 /* des_old.h */,
				9BE91AAA1B9EB7010011DCD3 /* dh.h */,
				9BE91AAB1B9EB7010011DCD3 /* dsa.h */,
				9BE91AAC1B9EB7010011DCD3 /* dso.h */,
				9BE91AAD1B9EB7010011DCD3 /* dtls1.h */,
				9BE91AAE1B9EB7010011DCD3 /* e_os2.h */,
				9BE91AAF1B9EB7010011DCD3 /* ebcdic.h */,
				9BE91AB01B9EB7010011DCD3 /* ec.h */,
				9BE91AB11B9EB7010011DCD3 /* ecdh.h */,
				9BE91AB21B9EB7010011DCD3 /* ecdsa.h */,
				9BE91AB31B9EB7010011DCD3 /* engine.h */,
				9BE91AB41B9EB7010011DCD3 /* err.h */,
				9BE91AB51B9EB7010011DCD3 /* evp.h */,
				9BE91AB61B9EB7010011DCD3 /* hmac.h */,
				9BE91AB71B9EB7010011DCD3 /* idea.h */,
				9BE91AB81B9EB7010011DCD3 /* krb5_asn.h */,
				9BE91AB91B9EB7010011DCD3 /* kssl.h */,
				9BE91ABA1B9EB7010011DCD3 /* lhash.h */,
				9BE91ABB1B9EB7010011DCD3 /* md4.h */,
				9BE91ABC1B9EB7010011DCD3 /* md5.h */,
				9BE91ABD1B9EB7010011DCD3 /* mdc2.h */,
				9BE91ABE1B9EB7010011DCD3 /* modes.h */,
				9BE91ABF1B9EB7010011DCD3 /* obj_mac.h */,
				9BE91AC01B9EB7010011DCD3 /* objects.h */,
				9BE91AC11B9EB7020011DCD3 /* ocsp.h */,
				9BE91AC21B9EB7020011DCD3 /* opensslconf.h */,
				9BE91AC31B9EB7020011DCD3 /* opensslv.h */,
				9BE91AC41B9EB7020011DCD3 /* ossl_typ.h */,
				9BE91AC51B9EB7020011DCD3 /* pem.h */,
				9BE91AC61B9EB7020011DCD3 /* pem2.h */,
				9BE91AC71B9EB7020011DCD3 /* pkcs12.h */,
				9BE91AC81B9EB7020011DCD3 /* pkcs7.h */,
				9BE91AC91B9EB7020011DCD3 /* pqueue.h */,
				9BE91ACA1B9EB7020011DCD3 /* rand.h */,
				9BE91ACB1B9EB7020011DCD3 /* rc2.h */,
				9BE91ACC1B9EB7020011DCD3 /* rc4.h */,
				9BE91ACD1B9EB7020011DCD3 /* ripemd.h */,
				9BE91ACE1B9EB7020011DCD3 /* rsa.h */,
				9BE91ACF1B9EB7020011DCD3 /* safestack.h */,
				9BE91AD01B9EB7020011DCD3 /* seed.h */,
				9BE91AD11B9EB7020011DCD3 /* sha.h */,
				9BE91AD21B9EB7020011DCD3 /* srp.h */,
				9BE91AD31B9EB7020011DCD3 /* srtp.h */,
				9BE91AD41B9EB7020011DCD3 /* ssl.h */,
				9BE91AD51B9EB7020011DCD3 /* ssl2.h */,
				9BE91AD61B9EB7020011DCD3 /* ssl23.h */,
				9BE91AD71B9EB7020011DCD3 /* ssl3.h */,
				9BE91AD81B9EB7020011DCD3 /* stack.h */,
				9BE91AD91B9EB7020011DCD3 /* symhacks.h */,
				9BE91ADA1B9EB7020011DCD3 /* tls1.h */,
				9BE91ADB1B9EB7020011DCD3 /* ts.h */,
				9BE91ADC1B9EB7020011DCD3 /* txt_db.h */,
				9BE91ADD1B9EB7020011DCD3 /* ui.h */,
				9BE91ADE1B9EB7020011DCD3 /* ui_compat.h */,
				9BE91ADF1B9EB7020011DCD3 /* whrlpool.h */,
				9BE91AE01B9EB7020011DCD3 /* x509.h */,
				9BE91AE11B9EB7020011DCD3 /* x509_vfy.h */,
				9BE91AE21B9EB7020011DCD3 /* x509v3.h */,
			);
			path = openssl;
			sourceTree = "<group>";
		};
		9BE91AE51B9EB7020011DCD3 /* Util */ = {
			isa = PBXGroup;
			children = (
				9BE91AE61B9EB7020011DCD3 /* base64.h */,
				9BE91AE71B9EB7020011DCD3 /* base64.m */,
				9BE91AE81B9EB7020011DCD3 /* config.h */,
				9BE91AE91B9EB7020011DCD3 /* DataSigner.h */,
				9BE91AEA1B9EB7020011DCD3 /* DataSigner.m */,
				9BE91AEB1B9EB7020011DCD3 /* DataVerifier.h */,
				9BE91AEC1B9EB7020011DCD3 /* DataVerifier.m */,
				9BE91AED1B9EB7020011DCD3 /* MD5DataSigner.h */,
				9BE91AEE1B9EB7020011DCD3 /* MD5DataSigner.m */,
				9BE91AEF1B9EB7020011DCD3 /* NSDataEx.h */,
				9BE91AF01B9EB7020011DCD3 /* NSDataEx.m */,
				9BE91AF11B9EB7020011DCD3 /* openssl_wrapper.h */,
				9BE91AF21B9EB7020011DCD3 /* openssl_wrapper.m */,
				9BE91AF31B9EB7020011DCD3 /* RSADataSigner.h */,
				9BE91AF41B9EB7020011DCD3 /* RSADataSigner.m */,
				9BE91AF51B9EB7020011DCD3 /* RSADataVerifier.h */,
				9BE91AF61B9EB7020011DCD3 /* RSADataVerifier.m */,
			);
			path = Util;
			sourceTree = "<group>";
		};
/* End PBXGroup section */

/* Begin PBXNativeTarget section */
		9BE91A6A1B9EB4EF0011DCD3 /* AlipayDemo */ = {
			isa = PBXNativeTarget;
			buildConfigurationList = 9BE91A8A1B9EB4EF0011DCD3 /* Build configuration list for PBXNativeTarget "AlipayDemo" */;
			buildPhases = (
				9BE91A671B9EB4EF0011DCD3 /* Sources */,
				9BE91A681B9EB4EF0011DCD3 /* Frameworks */,
				9BE91A691B9EB4EF0011DCD3 /* Resources */,
			);
			buildRules = (
			);
			dependencies = (
			);
			name = AlipayDemo;
			productName = AlipayDemo;
			productReference = 9BE91A6B1B9EB4EF0011DCD3 /* AlipayDemo.app */;
			productType = "com.apple.product-type.application";
		};
		9BE91A7F1B9EB4EF0011DCD3 /* AlipayDemoTests */ = {
			isa = PBXNativeTarget;
			buildConfigurationList = 9BE91A8D1B9EB4EF0011DCD3 /* Build configuration list for PBXNativeTarget "AlipayDemoTests" */;
			buildPhases = (
				9BE91A7C1B9EB4EF0011DCD3 /* Sources */,
				9BE91A7D1B9EB4EF0011DCD3 /* Frameworks */,
				9BE91A7E1B9EB4EF0011DCD3 /* Resources */,
			);
			buildRules = (
			);
			dependencies = (
				9BE91A821B9EB4EF0011DCD3 /* PBXTargetDependency */,
			);
			name = AlipayDemoTests;
			productName = AlipayDemoTests;
			productReference = 9BE91A801B9EB4EF0011DCD3 /* AlipayDemoTests.xctest */;
			productType = "com.apple.product-type.bundle.unit-test";
		};
/* End PBXNativeTarget section */

/* Begin PBXProject section */
		9BE91A631B9EB4EF0011DCD3 /* Project object */ = {
			isa = PBXProject;
			attributes = {
				LastUpgradeCheck = 0640;
				ORGANIZATIONNAME = "极客栈";
				TargetAttributes = {
					9BE91A6A1B9EB4EF0011DCD3 = {
						CreatedOnToolsVersion = 6.4;
					};
					9BE91A7F1B9EB4EF0011DCD3 = {
						CreatedOnToolsVersion = 6.4;
						TestTargetID = 9BE91A6A1B9EB4EF0011DCD3;
					};
				};
			};
			buildConfigurationList = 9BE91A661B9EB4EF0011DCD3 /* Build configuration list for PBXProject "AlipayDemo" */;
			compatibilityVersion = "Xcode 3.2";
			developmentRegion = English;
			hasScannedForEncodings = 0;
			knownRegions = (
				en,
				Base,
			);
			mainGroup = 9BE91A621B9EB4EF0011DCD3;
			productRefGroup = 9BE91A6C1B9EB4EF0011DCD3 /* Products */;
			projectDirPath = "";
			projectRoot = "";
			targets = (
				9BE91A6A1B9EB4EF0011DCD3 /* AlipayDemo */,
				9BE91A7F1B9EB4EF0011DCD3 /* AlipayDemoTests */,
			);
		};
/* End PBXProject section */

/* Begin PBXResourcesBuildPhase section */
		9BE91A691B9EB4EF0011DCD3 /* Resources */ = {
			isa = PBXResourcesBuildPhase;
			buildActionMask = 2147483647;
			files = (
				9BE91A761B9EB4EF0011DCD3 /* Main.storyboard in Resources */,
				9BE91A7B1B9EB4EF0011DCD3 /* LaunchScreen.xib in Resources */,
				9BE91AF71B9EB7020011DCD3 /* AlipaySDK.bundle in Resources */,
				9BE91A781B9EB4EF0011DCD3 /* Images.xcassets in Resources */,
			);
			runOnlyForDeploymentPostprocessing = 0;
		};
		9BE91A7E1B9EB4EF0011DCD3 /* Resources */ = {
			isa = PBXResourcesBuildPhase;
			buildActionMask = 2147483647;
			files = (
			);
			runOnlyForDeploymentPostprocessing = 0;
		};
/* End PBXResourcesBuildPhase section */

/* Begin PBXSourcesBuildPhase section */
		9BE91A671B9EB4EF0011DCD3 /* Sources */ = {
			isa = PBXSourcesBuildPhase;
			buildActionMask = 2147483647;
			files = (
				9BE91AFD1B9EB7020011DCD3 /* base64.m in Sources */,
				9BE91A731B9EB4EF0011DCD3 /* ViewController.swift in Sources */,
				9BE91B011B9EB7020011DCD3 /* NSDataEx.m in Sources */,
				9BE91B001B9EB7020011DCD3 /* MD5DataSigner.m in Sources */,
				9BE91B041B9EB7020011DCD3 /* RSADataVerifier.m in Sources */,
				9BE91AF91B9EB7020011DCD3 /* APAuthV2Info.m in Sources */,
				9BE91AFE1B9EB7020011DCD3 /* DataSigner.m in Sources */,
				9BE91B031B9EB7020011DCD3 /* RSADataSigner.m in Sources */,
				9BE91B021B9EB7020011DCD3 /* openssl_wrapper.m in Sources */,
				9BE91AFC1B9EB7020011DCD3 /* Order.m in Sources */,
				9BE91A711B9EB4EF0011DCD3 /* AppDelegate.swift in Sources */,
				9BE91AFF1B9EB7020011DCD3 /* DataVerifier.m in Sources */,
			);
			runOnlyForDeploymentPostprocessing = 0;
		};
		9BE91A7C1B9EB4EF0011DCD3 /* Sources */ = {
			isa = PBXSourcesBuildPhase;
			buildActionMask = 2147483647;
			files = (
				9BE91A871B9EB4EF0011DCD3 /* AlipayDemoTests.swift in Sources */,
			);
			runOnlyForDeploymentPostprocessing = 0;
		};
/* End PBXSourcesBuildPhase section */

/* Begin PBXTargetDependency section */
		9BE91A821B9EB4EF0011DCD3 /* PBXTargetDependency */ = {
			isa = PBXTargetDependency;
			target = 9BE91A6A1B9EB4EF0011DCD3 /* AlipayDemo */;
			targetProxy = 9BE91A811B9EB4EF0011DCD3 /* PBXContainerItemProxy */;
		};
/* End PBXTargetDependency section */

/* Begin PBXVariantGroup section */
		9BE91A741B9EB4EF0011DCD3 /* Main.storyboard */ = {
			isa = PBXVariantGroup;
			children = (
				9BE91A751B9EB4EF0011DCD3 /* Base */,
			);
			name = Main.storyboard;
			sourceTree = "<group>";
		};
		9BE91A791B9EB4EF0011DCD3 /* LaunchScreen.xib */ = {
			isa = PBXVariantGroup;
			children = (
				9BE91A7A1B9EB4EF0011DCD3 /* Base */,
			);
			name = LaunchScreen.xib;
			sourceTree = "<group>";
		};
/* End PBXVariantGroup section */

/* Begin XCBuildConfiguration section */
		9BE91A881B9EB4EF0011DCD3 /* Debug */ = {
			isa = XCBuildConfiguration;
			buildSettings = {
				ALWAYS_SEARCH_USER_PATHS = NO;
				CLANG_CXX_LANGUAGE_STANDARD = "gnu++0x";
				CLANG_CXX_LIBRARY = "libc++";
				CLANG_ENABLE_MODULES = YES;
				CLANG_ENABLE_OBJC_ARC = YES;
				CLANG_WARN_BOOL_CONVERSION = YES;
				CLANG_WARN_CONSTANT_CONVERSION = YES;
				CLANG_WARN_DIRECT_OBJC_ISA_USAGE = YES_ERROR;
				CLANG_WARN_EMPTY_BODY = YES;
				CLANG_WARN_ENUM_CONVERSION = YES;
				CLANG_WARN_INT_CONVERSION = YES;
				CLANG_WARN_OBJC_ROOT_CLASS = YES_ERROR;
				CLANG_WARN_UNREACHABLE_CODE = YES;
				CLANG_WARN__DUPLICATE_METHOD_MATCH = YES;
				"CODE_SIGN_IDENTITY[sdk=iphoneos*]" = "iPhone Developer";
				COPY_PHASE_STRIP = NO;
				DEBUG_INFORMATION_FORMAT = "dwarf-with-dsym";
				ENABLE_STRICT_OBJC_MSGSEND = YES;
				GCC_C_LANGUAGE_STANDARD = gnu99;
				GCC_DYNAMIC_NO_PIC = NO;
				GCC_NO_COMMON_BLOCKS = YES;
				GCC_OPTIMIZATION_LEVEL = 0;
				GCC_PREPROCESSOR_DEFINITIONS = (
					"DEBUG=1",
					"$(inherited)",
				);
				GCC_SYMBOLS_PRIVATE_EXTERN = NO;
				GCC_WARN_64_TO_32_BIT_CONVERSION = YES;
				GCC_WARN_ABOUT_RETURN_TYPE = YES_ERROR;
				GCC_WARN_UNDECLARED_SELECTOR = YES;
				GCC_WARN_UNINITIALIZED_AUTOS = YES_AGGRESSIVE;
				GCC_WARN_UNUSED_FUNCTION = YES;
				GCC_WARN_UNUSED_VARIABLE = YES;
				IPHONEOS_DEPLOYMENT_TARGET = 8.4;
				MTL_ENABLE_DEBUG_INFO = YES;
				ONLY_ACTIVE_ARCH = YES;
				SDKROOT = iphoneos;
				SWIFT_OPTIMIZATION_LEVEL = "-Onone";
			};
			name = Debug;
		};
		9BE91A891B9EB4EF0011DCD3 /* Release */ = {
			isa = XCBuildConfiguration;
			buildSettings = {
				ALWAYS_SEARCH_USER_PATHS = NO;
				CLANG_CXX_LANGUAGE_STANDARD = "gnu++0x";
				CLANG_CXX_LIBRARY = "libc++";
				CLANG_ENABLE_MODULES = YES;
				CLANG_ENABLE_OBJC_ARC = YES;
				CLANG_WARN_BOOL_CONVERSION = YES;
				CLANG_WARN_CONSTANT_CONVERSION = YES;
				CLANG_WARN_DIRECT_OBJC_ISA_USAGE = YES_ERROR;
				CLANG_WARN_EMPTY_BODY = YES;
				CLANG_WARN_ENUM_CONVERSION = YES;
				CLANG_WARN_INT_CONVERSION = YES;
				CLANG_WARN_OBJC_ROOT_CLASS = YES_ERROR;
				CLANG_WARN_UNREACHABLE_CODE = YES;
				CLANG_WARN__DUPLICATE_METHOD_MATCH = YES;
				"CODE_SIGN_IDENTITY[sdk=iphoneos*]" = "iPhone Developer";
				COPY_PHASE_STRIP = NO;
				DEBUG_INFORMATION_FORMAT = "dwarf-with-dsym";
				ENABLE_NS_ASSERTIONS = NO;
				ENABLE_STRICT_OBJC_MSGSEND = YES;
				GCC_C_LANGUAGE_STANDARD = gnu99;
				GCC_NO_COMMON_BLOCKS = YES;
				GCC_WARN_64_TO_32_BIT_CONVERSION = YES;
				GCC_WARN_ABOUT_RETURN_TYPE = YES_ERROR;
				GCC_WARN_UNDECLARED_SELECTOR = YES;
				GCC_WARN_UNINITIALIZED_AUTOS = YES_AGGRESSIVE;
				GCC_WARN_UNUSED_FUNCTION = YES;
				GCC_WARN_UNUSED_VARIABLE = YES;
				IPHONEOS_DEPLOYMENT_TARGET = 8.4;
				MTL_ENABLE_DEBUG_INFO = NO;
				SDKROOT = iphoneos;
				VALIDATE_PRODUCT = YES;
			};
			name = Release;
		};
		9BE91A8B1B9EB4EF0011DCD3 /* Debug */ = {
			isa = XCBuildConfiguration;
			buildSettings = {
				ASSETCATALOG_COMPILER_APPICON_NAME = AppIcon;
				FRAMEWORK_SEARCH_PATHS = (
					"$(inherited)",
					"$(PROJECT_DIR)/AlipayDemo/AliSDK2_2_3",
				);
				INFOPLIST_FILE = AlipayDemo/Info.plist;
				LD_RUNPATH_SEARCH_PATHS = "$(inherited) @executable_path/Frameworks";
				LIBRARY_SEARCH_PATHS = (
					"$(inherited)",
					"$(PROJECT_DIR)/AlipayDemo/AliSDK2_2_3",
				);
				PRODUCT_NAME = "$(TARGET_NAME)";
			};
			name = Debug;
		};
		9BE91A8C1B9EB4EF0011DCD3 /* Release */ = {
			isa = XCBuildConfiguration;
			buildSettings = {
				ASSETCATALOG_COMPILER_APPICON_NAME = AppIcon;
				FRAMEWORK_SEARCH_PATHS = (
					"$(inherited)",
					"$(PROJECT_DIR)/AlipayDemo/AliSDK2_2_3",
				);
				INFOPLIST_FILE = AlipayDemo/Info.plist;
				LD_RUNPATH_SEARCH_PATHS = "$(inherited) @executable_path/Frameworks";
				LIBRARY_SEARCH_PATHS = (
					"$(inherited)",
					"$(PROJECT_DIR)/AlipayDemo/AliSDK2_2_3",
				);
				PRODUCT_NAME = "$(TARGET_NAME)";
			};
			name = Release;
		};
		9BE91A8E1B9EB4EF0011DCD3 /* Debug */ = {
			isa = XCBuildConfiguration;
			buildSettings = {
				BUNDLE_LOADER = "$(TEST_HOST)";
				FRAMEWORK_SEARCH_PATHS = (
					"$(SDKROOT)/Developer/Library/Frameworks",
					"$(inherited)",
				);
				GCC_PREPROCESSOR_DEFINITIONS = (
					"DEBUG=1",
					"$(inherited)",
				);
				INFOPLIST_FILE = AlipayDemoTests/Info.plist;
				LD_RUNPATH_SEARCH_PATHS = "$(inherited) @executable_path/Frameworks @loader_path/Frameworks";
				PRODUCT_NAME = "$(TARGET_NAME)";
				TEST_HOST = "$(BUILT_PRODUCTS_DIR)/AlipayDemo.app/AlipayDemo";
			};
			name = Debug;
		};
		9BE91A8F1B9EB4EF0011DCD3 /* Release */ = {
			isa = XCBuildConfiguration;
			buildSettings = {
				BUNDLE_LOADER = "$(TEST_HOST)";
				FRAMEWORK_SEARCH_PATHS = (
					"$(SDKROOT)/Developer/Library/Frameworks",
					"$(inherited)",
				);
				INFOPLIST_FILE = AlipayDemoTests/Info.plist;
				LD_RUNPATH_SEARCH_PATHS = "$(inherited) @executable_path/Frameworks @loader_path/Frameworks";
				PRODUCT_NAME = "$(TARGET_NAME)";
				TEST_HOST = "$(BUILT_PRODUCTS_DIR)/AlipayDemo.app/AlipayDemo";
			};
			name = Release;
		};
/* End XCBuildConfiguration section */

/* Begin XCConfigurationList section */
		9BE91A661B9EB4EF0011DCD3 /* Build configuration list for PBXProject "AlipayDemo" */ = {
			isa = XCConfigurationList;
			buildConfigurations = (
				9BE91A881B9EB4EF0011DCD3 /* Debug */,
				9BE91A891B9EB4EF0011DCD3 /* Release */,
			);
			defaultConfigurationIsVisible = 0;
			defaultConfigurationName = Release;
		};
		9BE91A8A1B9EB4EF0011DCD3 /* Build configuration list for PBXNativeTarget "AlipayDemo" */ = {
			isa = XCConfigurationList;
			buildConfigurations = (
				9BE91A8B1B9EB4EF0011DCD3 /* Debug */,
				9BE91A8C1B9EB4EF0011DCD3 /* Release */,
			);
			defaultConfigurationIsVisible = 0;
		};
		9BE91A8D1B9EB4EF0011DCD3 /* Build configuration list for PBXNativeTarget "AlipayDemoTests" */ = {
			isa = XCConfigurationList;
			buildConfigurations = (
				9BE91A8E1B9EB4EF0011DCD3 /* Debug */,
				9BE91A8F1B9EB4EF0011DCD3 /* Release */,
			);
			defaultConfigurationIsVisible = 0;
		};
/* End XCConfigurationList section */
	};
	rootObject = 9BE91A631B9EB4EF0011DCD3 /* Project object */;
}
